
Microsoft Visual Studio Solution File, Format Version 12.00
# Visual Studio Version 17
VisualStudioVersion = 17.7.34018.315
MinimumVisualStudioVersion = 10.0.40219.1
Project("{FAE04EC0-301F-11D3-BF4B-00C04F79EFBC}") = "test_api", "test_api\test_api.csproj", "{2F6D36A5-777D-4EA9-AA97-A075C8BE0C09}"
EndProject
Global
	GlobalSection(SolutionConfigurationPlatforms) = preSolution
		Debug|Any CPU = Debug|Any CPU
		Release|Any CPU = Release|Any CPU
	EndGlobalSection
	GlobalSection(ProjectConfigurationPlatforms) = postSolution
		{2F6D36A5-777D-4EA9-AA97-A075C8BE0C09}.Debug|Any CPU.ActiveCfg = Debug|Any CPU
		{2F6D36A5-777D-4EA9-AA97-A075C8BE0C09}.Debug|Any CPU.Build.0 = Debug|Any CPU
		{2F6D36A5-777D-4EA9-AA97-A075C8BE0C09}.Release|Any CPU.ActiveCfg = Release|Any CPU
		{2F6D36A5-777D-4EA9-AA97-A075C8BE0C09}.Release|Any CPU.Build.0 = Release|Any CPU
	EndGlobalSection
	GlobalSection(SolutionProperties) = preSolution
		HideSolutionNode = FALSE
	EndGlobalSection
	GlobalSection(ExtensibilityGlobals) = postSolution
		SolutionGuid = {054F40FC-939B-4DC5-838C-2EC1F5E726E7}
	EndGlobalSection
EndGlobal
